
Microsoft Visual Studio Solution File, Format Version 12.00
# Visual Studio 15
VisualStudioVersion = 15.0.27703.2000
MinimumVisualStudioVersion = 10.0.40219.1
Project("{FAE04EC0-301F-11D3-BF4B-00C04F79EFBC}") = "TestingGit", "TestingGit\TestingGit.csproj", "{387F2738-E752-4FE8-9E07-0AC882F41CF7}"
EndProject
Global
	GlobalSection(SolutionConfigurationPlatforms) = preSolution
		Debug|Any CPU = Debug|Any CPU
		Release|Any CPU = Release|Any CPU
	EndGlobalSection
	GlobalSection(ProjectConfigurationPlatforms) = postSolution
		{387F2738-E752-4FE8-9E07-0AC882F41CF7}.Debug|Any CPU.ActiveCfg = Debug|Any CPU
		{387F2738-E752-4FE8-9E07-0AC882F41CF7}.Debug|Any CPU.Build.0 = Debug|Any CPU
		{387F2738-E752-4FE8-9E07-0AC882F41CF7}.Release|Any CPU.ActiveCfg = Release|Any CPU
		{387F2738-E752-4FE8-9E07-0AC882F41CF7}.Release|Any CPU.Build.0 = Release|Any CPU
	EndGlobalSection
	GlobalSection(SolutionProperties) = preSolution
		HideSolutionNode = FALSE
	EndGlobalSection
	GlobalSection(ExtensibilityGlobals) = postSolution
		SolutionGuid = {55500810-6641-4C88-987C-4AA3F4B85391}
	EndGlobalSection
EndGlobal
